
Microsoft Visual Studio Solution File, Format Version 12.00
# Visual Studio Version 17
VisualStudioVersion = 17.6.33712.159
MinimumVisualStudioVersion = 10.0.40219.1
Project("{FAE04EC0-301F-11D3-BF4B-00C04F79EFBC}") = "Airline.Api", "Airline.Api\Airline.Api.csproj", "{65F886C6-A344-4374-B9D5-0685B334E5D2}"
EndProject
Project("{FAE04EC0-301F-11D3-BF4B-00C04F79EFBC}") = "Airline.Ticket.Processing", "Airline.Ticket.Processing\Airline.Ticket.Processing.csproj", "{15B4370C-9B03-4CBC-A704-7EEC1E801056}"
EndProject
Project("{FAE04EC0-301F-11D3-BF4B-00C04F79EFBC}") = "Airline.Services", "Airline.Services\Airline.Services.csproj", "{67019D6F-4CA2-402A-899C-D639EAB8C800}"
EndProject
Project("{2150E333-8FDC-42A3-9474-1A3956D46DE8}") = "Solution Items", "Solution Items", "{72C9E404-8AD7-4B32-9FD4-BD673E9456FF}"
	ProjectSection(SolutionItems) = preProject
		docker-compose.yml = docker-compose.yml
	EndProjectSection
EndProject
Global
	GlobalSection(SolutionConfigurationPlatforms) = preSolution
		Debug|Any CPU = Debug|Any CPU
		Release|Any CPU = Release|Any CPU
	EndGlobalSection
	GlobalSection(ProjectConfigurationPlatforms) = postSolution
		{65F886C6-A344-4374-B9D5-0685B334E5D2}.Debug|Any CPU.ActiveCfg = Debug|Any CPU
		{65F886C6-A344-4374-B9D5-0685B334E5D2}.Debug|Any CPU.Build.0 = Debug|Any CPU
		{65F886C6-A344-4374-B9D5-0685B334E5D2}.Release|Any CPU.ActiveCfg = Release|Any CPU
		{65F886C6-A344-4374-B9D5-0685B334E5D2}.Release|Any CPU.Build.0 = Release|Any CPU
		{15B4370C-9B03-4CBC-A704-7EEC1E801056}.Debug|Any CPU.ActiveCfg = Debug|Any CPU
		{15B4370C-9B03-4CBC-A704-7EEC1E801056}.Debug|Any CPU.Build.0 = Debug|Any CPU
		{15B4370C-9B03-4CBC-A704-7EEC1E801056}.Release|Any CPU.ActiveCfg = Release|Any CPU
		{15B4370C-9B03-4CBC-A704-7EEC1E801056}.Release|Any CPU.Build.0 = Release|Any CPU
		{67019D6F-4CA2-402A-899C-D639EAB8C800}.Debug|Any CPU.ActiveCfg = Debug|Any CPU
		{67019D6F-4CA2-402A-899C-D639EAB8C800}.Debug|Any CPU.Build.0 = Debug|Any CPU
		{67019D6F-4CA2-402A-899C-D639EAB8C800}.Release|Any CPU.ActiveCfg = Release|Any CPU
		{67019D6F-4CA2-402A-899C-D639EAB8C800}.Release|Any CPU.Build.0 = Release|Any CPU
	EndGlobalSection
	GlobalSection(SolutionProperties) = preSolution
		HideSolutionNode = FALSE
	EndGlobalSection
	GlobalSection(ExtensibilityGlobals) = postSolution
		SolutionGuid = {F88A1242-5DCD-40C9-BFAB-160CF8F01E58}
	EndGlobalSection
EndGlobal
